// !$*UTF8*$!
{
	archiveVersion = 1;
	classes = {
	};
	objectVersion = 46;
	objects = {

/* Begin PBXBuildFile section */
		3565429D203DB99300B29DA1 /* ChatLayoutConfiguration.swift in Sources */ = {isa = PBXBuildFile; fileRef = 3565429C203DB99300B29DA1 /* ChatLayoutConfiguration.swift */; };
		B3B1B0FF1D6B40DF00D1183D /* Utils.swift in Sources */ = {isa = PBXBuildFile; fileRef = B3B1B0FE1D6B40DF00D1183D /* Utils.swift */; };
		C31E919A1BFF4CA300339585 /* BaseChatViewControllerTests.swift in Sources */ = {isa = PBXBuildFile; fileRef = C31E91991BFF4CA300339585 /* BaseChatViewControllerTests.swift */; };
		C321C3961BE78835009803D1 /* CollectionChangesTests.swift in Sources */ = {isa = PBXBuildFile; fileRef = C321C3951BE78835009803D1 /* CollectionChangesTests.swift */; };
		C321DDA91BE9649F00DE88CC /* BaseChatItemPresenter.swift in Sources */ = {isa = PBXBuildFile; fileRef = C321DD941BE9649F00DE88CC /* BaseChatItemPresenter.swift */; };
		C321DDAE1BE9649F00DE88CC /* ChatItemProtocolDefinitions.swift in Sources */ = {isa = PBXBuildFile; fileRef = C321DD9A1BE9649F00DE88CC /* ChatItemProtocolDefinitions.swift */; };
		C321DDBE1BE964DC00DE88CC /* BaseChatItemPresenterTests.swift in Sources */ = {isa = PBXBuildFile; fileRef = C321DDBC1BE964D500DE88CC /* BaseChatItemPresenterTests.swift */; };
		C32BB72B1BE0504D0069EC50 /* Chatto.framework in Frameworks */ = {isa = PBXBuildFile; fileRef = C32BB7201BE0504D0069EC50 /* Chatto.framework */; };
		C3383E281BFFA49F00244F5C /* BaseChatViewControllerTestHelpers.swift in Sources */ = {isa = PBXBuildFile; fileRef = C3383E271BFFA49F00244F5C /* BaseChatViewControllerTestHelpers.swift */; };
		C342D0BD1C638681008A4605 /* ChatItemCompanion.swift in Sources */ = {isa = PBXBuildFile; fileRef = C342D0BC1C638681008A4605 /* ChatItemCompanion.swift */; };
		C342D0C11C638A2C008A4605 /* ChatItemCompanionCollection.swift in Sources */ = {isa = PBXBuildFile; fileRef = C342D0C01C638A2C008A4605 /* ChatItemCompanionCollection.swift */; };
		C342D0C51C638FDF008A4605 /* SerialTaskQueueTests.swift in Sources */ = {isa = PBXBuildFile; fileRef = C342D0C31C638FDF008A4605 /* SerialTaskQueueTests.swift */; };
		C36281E51BF0F0F0004D6BCE /* BaseChatViewController+Changes.swift in Sources */ = {isa = PBXBuildFile; fileRef = C36281E41BF0F0F0004D6BCE /* BaseChatViewController+Changes.swift */; };
		C36281E71BF0F196004D6BCE /* BaseChatViewController+Scrolling.swift in Sources */ = {isa = PBXBuildFile; fileRef = C36281E61BF0F196004D6BCE /* BaseChatViewController+Scrolling.swift */; };
		C36281EB1BF0F62F004D6BCE /* DummyChatItemPresenter.swift in Sources */ = {isa = PBXBuildFile; fileRef = C36281EA1BF0F62F004D6BCE /* DummyChatItemPresenter.swift */; };
		C36281ED1BF10086004D6BCE /* SerialTaskQueue.swift in Sources */ = {isa = PBXBuildFile; fileRef = C36281EC1BF10086004D6BCE /* SerialTaskQueue.swift */; };
		C36281F21BF12A4B004D6BCE /* ChatCollectionViewLayoutTests.swift in Sources */ = {isa = PBXBuildFile; fileRef = C36281F11BF12A4B004D6BCE /* ChatCollectionViewLayoutTests.swift */; };
		C38352D11CC6514B006C359C /* BaseChatViewController+AccessoryViewRevealer.swift in Sources */ = {isa = PBXBuildFile; fileRef = C38352D01CC6514B006C359C /* BaseChatViewController+AccessoryViewRevealer.swift */; };
		C3C7C3971CAC4BAC00A49929 /* AccessoryViewRevealer.swift in Sources */ = {isa = PBXBuildFile; fileRef = C3C7C3921CAC4BAC00A49929 /* AccessoryViewRevealer.swift */; };
		C3C7C3981CAC4BAC00A49929 /* ChatCollectionViewLayout.swift in Sources */ = {isa = PBXBuildFile; fileRef = C3C7C3931CAC4BAC00A49929 /* ChatCollectionViewLayout.swift */; };
		C3C7C3991CAC4BAC00A49929 /* ChatDataSourceProtocol.swift in Sources */ = {isa = PBXBuildFile; fileRef = C3C7C3941CAC4BAC00A49929 /* ChatDataSourceProtocol.swift */; };
		C3C7C39A1CAC4BAC00A49929 /* CollectionChanges.swift in Sources */ = {isa = PBXBuildFile; fileRef = C3C7C3951CAC4BAC00A49929 /* CollectionChanges.swift */; };
		C3C7C39B1CAC4BAC00A49929 /* KeyboardTracker.swift in Sources */ = {isa = PBXBuildFile; fileRef = C3C7C3961CAC4BAC00A49929 /* KeyboardTracker.swift */; };
		C3C7C39D1CAC4BC500A49929 /* BaseChatViewControllerView.swift in Sources */ = {isa = PBXBuildFile; fileRef = C3C7C39C1CAC4BC500A49929 /* BaseChatViewControllerView.swift */; };
		C3C7C39F1CAC4D6F00A49929 /* ChatItemPresenterFactory.swift in Sources */ = {isa = PBXBuildFile; fileRef = C3C7C39E1CAC4D6F00A49929 /* ChatItemPresenterFactory.swift */; };
		C3E904DB1BE0509E00C662A2 /* BaseChatViewController+Presenters.swift in Sources */ = {isa = PBXBuildFile; fileRef = C3E904B11BE0509E00C662A2 /* BaseChatViewController+Presenters.swift */; };
		C3E904DC1BE0509E00C662A2 /* BaseChatViewController.swift in Sources */ = {isa = PBXBuildFile; fileRef = C3E904B21BE0509E00C662A2 /* BaseChatViewController.swift */; };
		C3E905051BE0521700C662A2 /* Chatto.h in Headers */ = {isa = PBXBuildFile; fileRef = C3E905031BE0521700C662A2 /* Chatto.h */; settings = {ATTRIBUTES = (Public, ); }; };
		EA24F40C21F8BF0D007735DD /* InputPositionControlling.swift in Sources */ = {isa = PBXBuildFile; fileRef = EA24F40A21F8BF0D007735DD /* InputPositionControlling.swift */; };
		EA3D58FF22DCC34C00191EDF /* ChatItemCompanionCollectionTests.swift in Sources */ = {isa = PBXBuildFile; fileRef = EA3D58FE22DCC34C00191EDF /* ChatItemCompanionCollectionTests.swift */; };
/* End PBXBuildFile section */

/* Begin PBXContainerItemProxy section */
		C32BB72C1BE0504D0069EC50 /* PBXContainerItemProxy */ = {
			isa = PBXContainerItemProxy;
			containerPortal = C32BB7171BE0504D0069EC50 /* Project object */;
			proxyType = 1;
			remoteGlobalIDString = C32BB71F1BE0504D0069EC50;
			remoteInfo = BMAChatFramework;
		};
/* End PBXContainerItemProxy section */

/* Begin PBXFileReference section */
		3565429C203DB99300B29DA1 /* ChatLayoutConfiguration.swift */ = {isa = PBXFileReference; fileEncoding = 4; lastKnownFileType = sourcecode.swift; path = ChatLayoutConfiguration.swift; sourceTree = "<group>"; };
		55E85D821BE390BE001885AD /* Info.plist */ = {isa = PBXFileReference; fileEncoding = 4; lastKnownFileType = text.plist.xml; path = Info.plist; sourceTree = "<group>"; };
		B3B1B0FE1D6B40DF00D1183D /* Utils.swift */ = {isa = PBXFileReference; fileEncoding = 4; lastKnownFileType = sourcecode.swift; path = Utils.swift; sourceTree = "<group>"; };
		C31E91991BFF4CA300339585 /* BaseChatViewControllerTests.swift */ = {isa = PBXFileReference; fileEncoding = 4; lastKnownFileType = sourcecode.swift; path = BaseChatViewControllerTests.swift; sourceTree = "<group>"; };
		C321C3951BE78835009803D1 /* CollectionChangesTests.swift */ = {isa = PBXFileReference; fileEncoding = 4; lastKnownFileType = sourcecode.swift; path = CollectionChangesTests.swift; sourceTree = "<group>"; };
		C321DD941BE9649F00DE88CC /* BaseChatItemPresenter.swift */ = {isa = PBXFileReference; fileEncoding = 4; lastKnownFileType = sourcecode.swift; path = BaseChatItemPresenter.swift; sourceTree = "<group>"; };
		C321DD9A1BE9649F00DE88CC /* ChatItemProtocolDefinitions.swift */ = {isa = PBXFileReference; fileEncoding = 4; lastKnownFileType = sourcecode.swift; path = ChatItemProtocolDefinitions.swift; sourceTree = "<group>"; };
		C321DDBC1BE964D500DE88CC /* BaseChatItemPresenterTests.swift */ = {isa = PBXFileReference; fileEncoding = 4; lastKnownFileType = sourcecode.swift; path = BaseChatItemPresenterTests.swift; sourceTree = "<group>"; };
		C32BB7201BE0504D0069EC50 /* Chatto.framework */ = {isa = PBXFileReference; explicitFileType = wrapper.framework; includeInIndex = 0; path = Chatto.framework; sourceTree = BUILT_PRODUCTS_DIR; };
		C32BB72A1BE0504D0069EC50 /* ChattoTests.xctest */ = {isa = PBXFileReference; explicitFileType = wrapper.cfbundle; includeInIndex = 0; path = ChattoTests.xctest; sourceTree = BUILT_PRODUCTS_DIR; };
		C3383E271BFFA49F00244F5C /* BaseChatViewControllerTestHelpers.swift */ = {isa = PBXFileReference; fileEncoding = 4; lastKnownFileType = sourcecode.swift; path = BaseChatViewControllerTestHelpers.swift; sourceTree = "<group>"; };
		C342D0BC1C638681008A4605 /* ChatItemCompanion.swift */ = {isa = PBXFileReference; fileEncoding = 4; lastKnownFileType = sourcecode.swift; path = ChatItemCompanion.swift; sourceTree = "<group>"; };
		C342D0C01C638A2C008A4605 /* ChatItemCompanionCollection.swift */ = {isa = PBXFileReference; fileEncoding = 4; lastKnownFileType = sourcecode.swift; path = ChatItemCompanionCollection.swift; sourceTree = "<group>"; };
		C342D0C31C638FDF008A4605 /* SerialTaskQueueTests.swift */ = {isa = PBXFileReference; fileEncoding = 4; lastKnownFileType = sourcecode.swift; path = SerialTaskQueueTests.swift; sourceTree = "<group>"; };
		C36281E41BF0F0F0004D6BCE /* BaseChatViewController+Changes.swift */ = {isa = PBXFileReference; fileEncoding = 4; lastKnownFileType = sourcecode.swift; path = "BaseChatViewController+Changes.swift"; sourceTree = "<group>"; };
		C36281E61BF0F196004D6BCE /* BaseChatViewController+Scrolling.swift */ = {isa = PBXFileReference; fileEncoding = 4; lastKnownFileType = sourcecode.swift; path = "BaseChatViewController+Scrolling.swift"; sourceTree = "<group>"; };
		C36281EA1BF0F62F004D6BCE /* DummyChatItemPresenter.swift */ = {isa = PBXFileReference; fileEncoding = 4; lastKnownFileType = sourcecode.swift; path = DummyChatItemPresenter.swift; sourceTree = "<group>"; };
		C36281EC1BF10086004D6BCE /* SerialTaskQueue.swift */ = {isa = PBXFileReference; fileEncoding = 4; lastKnownFileType = sourcecode.swift; path = SerialTaskQueue.swift; sourceTree = "<group>"; };
		C36281F11BF12A4B004D6BCE /* ChatCollectionViewLayoutTests.swift */ = {isa = PBXFileReference; fileEncoding = 4; lastKnownFileType = sourcecode.swift; path = ChatCollectionViewLayoutTests.swift; sourceTree = "<group>"; };
		C38352D01CC6514B006C359C /* BaseChatViewController+AccessoryViewRevealer.swift */ = {isa = PBXFileReference; fileEncoding = 4; lastKnownFileType = sourcecode.swift; path = "BaseChatViewController+AccessoryViewRevealer.swift"; sourceTree = "<group>"; };
		C3C7C3921CAC4BAC00A49929 /* AccessoryViewRevealer.swift */ = {isa = PBXFileReference; fileEncoding = 4; lastKnownFileType = sourcecode.swift; path = AccessoryViewRevealer.swift; sourceTree = "<group>"; };
		C3C7C3931CAC4BAC00A49929 /* ChatCollectionViewLayout.swift */ = {isa = PBXFileReference; fileEncoding = 4; lastKnownFileType = sourcecode.swift; path = ChatCollectionViewLayout.swift; sourceTree = "<group>"; };
		C3C7C3941CAC4BAC00A49929 /* ChatDataSourceProtocol.swift */ = {isa = PBXFileReference; fileEncoding = 4; lastKnownFileType = sourcecode.swift; path = ChatDataSourceProtocol.swift; sourceTree = "<group>"; };
		C3C7C3951CAC4BAC00A49929 /* CollectionChanges.swift */ = {isa = PBXFileReference; fileEncoding = 4; lastKnownFileType = sourcecode.swift; path = CollectionChanges.swift; sourceTree = "<group>"; };
		C3C7C3961CAC4BAC00A49929 /* KeyboardTracker.swift */ = {isa = PBXFileReference; fileEncoding = 4; lastKnownFileType = sourcecode.swift; path = KeyboardTracker.swift; sourceTree = "<group>"; };
		C3C7C39C1CAC4BC500A49929 /* BaseChatViewControllerView.swift */ = {isa = PBXFileReference; fileEncoding = 4; lastKnownFileType = sourcecode.swift; path = BaseChatViewControllerView.swift; sourceTree = "<group>"; };
		C3C7C39E1CAC4D6F00A49929 /* ChatItemPresenterFactory.swift */ = {isa = PBXFileReference; fileEncoding = 4; lastKnownFileType = sourcecode.swift; path = ChatItemPresenterFactory.swift; sourceTree = "<group>"; };
		C3E904B11BE0509E00C662A2 /* BaseChatViewController+Presenters.swift */ = {isa = PBXFileReference; fileEncoding = 4; lastKnownFileType = sourcecode.swift; path = "BaseChatViewController+Presenters.swift"; sourceTree = "<group>"; };
		C3E904B21BE0509E00C662A2 /* BaseChatViewController.swift */ = {isa = PBXFileReference; fileEncoding = 4; lastKnownFileType = sourcecode.swift; path = BaseChatViewController.swift; sourceTree = "<group>"; };
		C3E905031BE0521700C662A2 /* Chatto.h */ = {isa = PBXFileReference; fileEncoding = 4; lastKnownFileType = sourcecode.c.h; name = Chatto.h; path = Source/Chatto.h; sourceTree = SOURCE_ROOT; };
		C3E905041BE0521700C662A2 /* Info.plist */ = {isa = PBXFileReference; fileEncoding = 4; lastKnownFileType = text.plist.xml; name = Info.plist; path = Source/Info.plist; sourceTree = SOURCE_ROOT; };
		EA24F40A21F8BF0D007735DD /* InputPositionControlling.swift */ = {isa = PBXFileReference; fileEncoding = 4; lastKnownFileType = sourcecode.swift; path = InputPositionControlling.swift; sourceTree = "<group>"; };
		EA3D58FE22DCC34C00191EDF /* ChatItemCompanionCollectionTests.swift */ = {isa = PBXFileReference; fileEncoding = 4; lastKnownFileType = sourcecode.swift; path = ChatItemCompanionCollectionTests.swift; sourceTree = "<group>"; };
/* End PBXFileReference section */

/* Begin PBXFrameworksBuildPhase section */
		C32BB71C1BE0504D0069EC50 /* Frameworks */ = {
			isa = PBXFrameworksBuildPhase;
			buildActionMask = 2147483647;
			files = (
			);
			runOnlyForDeploymentPostprocessing = 0;
		};
		C32BB7271BE0504D0069EC50 /* Frameworks */ = {
			isa = PBXFrameworksBuildPhase;
			buildActionMask = 2147483647;
			files = (
				C32BB72B1BE0504D0069EC50 /* Chatto.framework in Frameworks */,
			);
			runOnlyForDeploymentPostprocessing = 0;
		};
/* End PBXFrameworksBuildPhase section */

/* Begin PBXGroup section */
		55E85D801BE390BE001885AD /* Tests */ = {
			isa = PBXGroup;
			children = (
				55E85D821BE390BE001885AD /* Info.plist */,
				EA3D58FE22DCC34C00191EDF /* ChatItemCompanionCollectionTests.swift */,
				C342D0C31C638FDF008A4605 /* SerialTaskQueueTests.swift */,
				C321DDBB1BE964D500DE88CC /* Chat Items */,
				C321C3941BE78835009803D1 /* ChatController */,
			);
			path = Tests;
			sourceTree = SOURCE_ROOT;
		};
		C321C3941BE78835009803D1 /* ChatController */ = {
			isa = PBXGroup;
			children = (
				C36281F11BF12A4B004D6BCE /* ChatCollectionViewLayoutTests.swift */,
				C31E91991BFF4CA300339585 /* BaseChatViewControllerTests.swift */,
				C3383E271BFFA49F00244F5C /* BaseChatViewControllerTestHelpers.swift */,
				C321C3951BE78835009803D1 /* CollectionChangesTests.swift */,
			);
			path = ChatController;
			sourceTree = "<group>";
		};
		C321DD931BE9649F00DE88CC /* Chat Items */ = {
			isa = PBXGroup;
			children = (
				C321DD941BE9649F00DE88CC /* BaseChatItemPresenter.swift */,
				C342D0BC1C638681008A4605 /* ChatItemCompanion.swift */,
				C321DD9A1BE9649F00DE88CC /* ChatItemProtocolDefinitions.swift */,
				C36281EA1BF0F62F004D6BCE /* DummyChatItemPresenter.swift */,
			);
			path = "Chat Items";
			sourceTree = "<group>";
		};
		C321DDBB1BE964D500DE88CC /* Chat Items */ = {
			isa = PBXGroup;
			children = (
				C321DDBC1BE964D500DE88CC /* BaseChatItemPresenterTests.swift */,
			);
			path = "Chat Items";
			sourceTree = "<group>";
		};
		C32BB7161BE0504D0069EC50 = {
			isa = PBXGroup;
			children = (
				C32BB7221BE0504D0069EC50 /* Chatto */,
				C32BB7211BE0504D0069EC50 /* Products */,
			);
			sourceTree = "<group>";
		};
		C32BB7211BE0504D0069EC50 /* Products */ = {
			isa = PBXGroup;
			children = (
				C32BB7201BE0504D0069EC50 /* Chatto.framework */,
				C32BB72A1BE0504D0069EC50 /* ChattoTests.xctest */,
			);
			name = Products;
			sourceTree = "<group>";
		};
		C32BB7221BE0504D0069EC50 /* Chatto */ = {
			isa = PBXGroup;
			children = (
				C3E904AC1BE0509E00C662A2 /* Source */,
				55E85D801BE390BE001885AD /* Tests */,
			);
			name = Chatto;
			sourceTree = "<group>";
		};
		C3C7C3911CAC4BAC00A49929 /* Collaborators */ = {
			isa = PBXGroup;
			children = (
				C3C7C3921CAC4BAC00A49929 /* AccessoryViewRevealer.swift */,
				C3C7C39C1CAC4BC500A49929 /* BaseChatViewControllerView.swift */,
				C3C7C3931CAC4BAC00A49929 /* ChatCollectionViewLayout.swift */,
				C3C7C39E1CAC4D6F00A49929 /* ChatItemPresenterFactory.swift */,
				C3C7C3941CAC4BAC00A49929 /* ChatDataSourceProtocol.swift */,
				C3C7C3951CAC4BAC00A49929 /* CollectionChanges.swift */,
				C3C7C3961CAC4BAC00A49929 /* KeyboardTracker.swift */,
			);
			path = Collaborators;
			sourceTree = "<group>";
		};
		C3E904AC1BE0509E00C662A2 /* Source */ = {
			isa = PBXGroup;
			children = (
				C3E905031BE0521700C662A2 /* Chatto.h */,
				C3E905041BE0521700C662A2 /* Info.plist */,
				C342D0C01C638A2C008A4605 /* ChatItemCompanionCollection.swift */,
				C36281EC1BF10086004D6BCE /* SerialTaskQueue.swift */,
				B3B1B0FE1D6B40DF00D1183D /* Utils.swift */,
				C321DD931BE9649F00DE88CC /* Chat Items */,
				C3E904AE1BE0509E00C662A2 /* ChatController */,
			);
			path = Source;
			sourceTree = SOURCE_ROOT;
		};
		C3E904AE1BE0509E00C662A2 /* ChatController */ = {
			isa = PBXGroup;
			children = (
				C3C7C3911CAC4BAC00A49929 /* Collaborators */,
				C3E904B21BE0509E00C662A2 /* BaseChatViewController.swift */,
				C38352D01CC6514B006C359C /* BaseChatViewController+AccessoryViewRevealer.swift */,
				C36281E41BF0F0F0004D6BCE /* BaseChatViewController+Changes.swift */,
				C3E904B11BE0509E00C662A2 /* BaseChatViewController+Presenters.swift */,
				C36281E61BF0F196004D6BCE /* BaseChatViewController+Scrolling.swift */,
				3565429C203DB99300B29DA1 /* ChatLayoutConfiguration.swift */,
				EA24F40A21F8BF0D007735DD /* InputPositionControlling.swift */,
			);
			path = ChatController;
			sourceTree = "<group>";
		};
/* End PBXGroup section */

/* Begin PBXHeadersBuildPhase section */
		C32BB71D1BE0504D0069EC50 /* Headers */ = {
			isa = PBXHeadersBuildPhase;
			buildActionMask = 2147483647;
			files = (
				C3E905051BE0521700C662A2 /* Chatto.h in Headers */,
			);
			runOnlyForDeploymentPostprocessing = 0;
		};
/* End PBXHeadersBuildPhase section */

/* Begin PBXNativeTarget section */
		C32BB71F1BE0504D0069EC50 /* Chatto */ = {
			isa = PBXNativeTarget;
			buildConfigurationList = C32BB7341BE0504D0069EC50 /* Build configuration list for PBXNativeTarget "Chatto" */;
			buildPhases = (
				C3B327211BE1888E008444CF /* ShellScript */,
				C32BB71B1BE0504D0069EC50 /* Sources */,
				C32BB71C1BE0504D0069EC50 /* Frameworks */,
				C32BB71D1BE0504D0069EC50 /* Headers */,
				C32BB71E1BE0504D0069EC50 /* Resources */,
			);
			buildRules = (
			);
			dependencies = (
			);
			name = Chatto;
			productName = BMAChatFramework;
			productReference = C32BB7201BE0504D0069EC50 /* Chatto.framework */;
			productType = "com.apple.product-type.framework";
		};
		C32BB7291BE0504D0069EC50 /* ChattoTests */ = {
			isa = PBXNativeTarget;
			buildConfigurationList = C32BB7371BE0504D0069EC50 /* Build configuration list for PBXNativeTarget "ChattoTests" */;
			buildPhases = (
				C32BB7261BE0504D0069EC50 /* Sources */,
				C32BB7271BE0504D0069EC50 /* Frameworks */,
				C32BB7281BE0504D0069EC50 /* Resources */,
			);
			buildRules = (
			);
			dependencies = (
				C32BB72D1BE0504D0069EC50 /* PBXTargetDependency */,
			);
			name = ChattoTests;
			productName = BMAChatFrameworkTests;
			productReference = C32BB72A1BE0504D0069EC50 /* ChattoTests.xctest */;
			productType = "com.apple.product-type.bundle.unit-test";
		};
/* End PBXNativeTarget section */

/* Begin PBXProject section */
		C32BB7171BE0504D0069EC50 /* Project object */ = {
			isa = PBXProject;
			attributes = {
				LastSwiftUpdateCheck = 0710;
				LastUpgradeCheck = 1000;
				ORGANIZATIONNAME = Badoo;
				TargetAttributes = {
					C32BB71F1BE0504D0069EC50 = {
						CreatedOnToolsVersion = 7.1;
						LastSwiftMigration = 1000;
					};
					C32BB7291BE0504D0069EC50 = {
						CreatedOnToolsVersion = 7.1;
						LastSwiftMigration = 0900;
					};
				};
			};
			buildConfigurationList = C32BB71A1BE0504D0069EC50 /* Build configuration list for PBXProject "Chatto" */;
			compatibilityVersion = "Xcode 3.2";
			developmentRegion = English;
			hasScannedForEncodings = 0;
			knownRegions = (
				en,
			);
			mainGroup = C32BB7161BE0504D0069EC50;
			productRefGroup = C32BB7211BE0504D0069EC50 /* Products */;
			projectDirPath = "";
			projectRoot = "";
			targets = (
				C32BB71F1BE0504D0069EC50 /* Chatto */,
				C32BB7291BE0504D0069EC50 /* ChattoTests */,
			);
		};
/* End PBXProject section */

/* Begin PBXResourcesBuildPhase section */
		C32BB71E1BE0504D0069EC50 /* Resources */ = {
			isa = PBXResourcesBuildPhase;
			buildActionMask = 2147483647;
			files = (
			);
			runOnlyForDeploymentPostprocessing = 0;
		};
		C32BB7281BE0504D0069EC50 /* Resources */ = {
			isa = PBXResourcesBuildPhase;
			buildActionMask = 2147483647;
			files = (
			);
			runOnlyForDeploymentPostprocessing = 0;
		};
/* End PBXResourcesBuildPhase section */

/* Begin PBXShellScriptBuildPhase section */
		C3B327211BE1888E008444CF /* ShellScript */ = {
			isa = PBXShellScriptBuildPhase;
			buildActionMask = 2147483647;
			files = (
			);
			inputPaths = (
			);
			outputPaths = (
			);
			runOnlyForDeploymentPostprocessing = 0;
			shellPath = /bin/sh;
			shellScript = "if which swiftlint >/dev/null; then\n  swiftlint\nelse\n  echo \"SwiftLint does not exist, download from https://github.com/realm/SwiftLint\"\nfi";
		};
/* End PBXShellScriptBuildPhase section */

/* Begin PBXSourcesBuildPhase section */
		C32BB71B1BE0504D0069EC50 /* Sources */ = {
			isa = PBXSourcesBuildPhase;
			buildActionMask = 2147483647;
			files = (
				C3C7C39D1CAC4BC500A49929 /* BaseChatViewControllerView.swift in Sources */,
				C3E904DB1BE0509E00C662A2 /* BaseChatViewController+Presenters.swift in Sources */,
				C3E904DC1BE0509E00C662A2 /* BaseChatViewController.swift in Sources */,
				C3C7C3971CAC4BAC00A49929 /* AccessoryViewRevealer.swift in Sources */,
				EA24F40C21F8BF0D007735DD /* InputPositionControlling.swift in Sources */,
				C3C7C39F1CAC4D6F00A49929 /* ChatItemPresenterFactory.swift in Sources */,
				C3C7C39A1CAC4BAC00A49929 /* CollectionChanges.swift in Sources */,
				C3C7C3991CAC4BAC00A49929 /* ChatDataSourceProtocol.swift in Sources */,
				C321DDA91BE9649F00DE88CC /* BaseChatItemPresenter.swift in Sources */,
				C36281ED1BF10086004D6BCE /* SerialTaskQueue.swift in Sources */,
				C321DDAE1BE9649F00DE88CC /* ChatItemProtocolDefinitions.swift in Sources */,
				C36281E51BF0F0F0004D6BCE /* BaseChatViewController+Changes.swift in Sources */,
				C38352D11CC6514B006C359C /* BaseChatViewController+AccessoryViewRevealer.swift in Sources */,
				C342D0BD1C638681008A4605 /* ChatItemCompanion.swift in Sources */,
				C36281E71BF0F196004D6BCE /* BaseChatViewController+Scrolling.swift in Sources */,
				3565429D203DB99300B29DA1 /* ChatLayoutConfiguration.swift in Sources */,
				C36281EB1BF0F62F004D6BCE /* DummyChatItemPresenter.swift in Sources */,
				C3C7C3981CAC4BAC00A49929 /* ChatCollectionViewLayout.swift in Sources */,
				C3C7C39B1CAC4BAC00A49929 /* KeyboardTracker.swift in Sources */,
				B3B1B0FF1D6B40DF00D1183D /* Utils.swift in Sources */,
				C342D0C11C638A2C008A4605 /* ChatItemCompanionCollection.swift in Sources */,
			);
			runOnlyForDeploymentPostprocessing = 0;
		};
		C32BB7261BE0504D0069EC50 /* Sources */ = {
			isa = PBXSourcesBuildPhase;
			buildActionMask = 2147483647;
			files = (
				C342D0C51C638FDF008A4605 /* SerialTaskQueueTests.swift in Sources */,
				C3383E281BFFA49F00244F5C /* BaseChatViewControllerTestHelpers.swift in Sources */,
				C36281F21BF12A4B004D6BCE /* ChatCollectionViewLayoutTests.swift in Sources */,
				C321C3961BE78835009803D1 /* CollectionChangesTests.swift in Sources */,
				C321DDBE1BE964DC00DE88CC /* BaseChatItemPresenterTests.swift in Sources */,
				EA3D58FF22DCC34C00191EDF /* ChatItemCompanionCollectionTests.swift in Sources */,
				C31E919A1BFF4CA300339585 /* BaseChatViewControllerTests.swift in Sources */,
			);
			runOnlyForDeploymentPostprocessing = 0;
		};
/* End PBXSourcesBuildPhase section */

/* Begin PBXTargetDependency section */
		C32BB72D1BE0504D0069EC50 /* PBXTargetDependency */ = {
			isa = PBXTargetDependency;
			target = C32BB71F1BE0504D0069EC50 /* Chatto */;
			targetProxy = C32BB72C1BE0504D0069EC50 /* PBXContainerItemProxy */;
		};
/* End PBXTargetDependency section */

/* Begin XCBuildConfiguration section */
		C32BB7321BE0504D0069EC50 /* Debug */ = {
			isa = XCBuildConfiguration;
			buildSettings = {
				ALWAYS_SEARCH_USER_PATHS = NO;
				CLANG_CXX_LANGUAGE_STANDARD = "gnu++0x";
				CLANG_CXX_LIBRARY = "libc++";
				CLANG_ENABLE_MODULES = YES;
				CLANG_ENABLE_OBJC_ARC = YES;
				CLANG_WARN_BLOCK_CAPTURE_AUTORELEASING = YES;
				CLANG_WARN_BOOL_CONVERSION = YES;
				CLANG_WARN_COMMA = YES;
				CLANG_WARN_CONSTANT_CONVERSION = YES;
				CLANG_WARN_DEPRECATED_OBJC_IMPLEMENTATIONS = YES;
				CLANG_WARN_DIRECT_OBJC_ISA_USAGE = YES_ERROR;
				CLANG_WARN_EMPTY_BODY = YES;
				CLANG_WARN_ENUM_CONVERSION = YES;
				CLANG_WARN_INFINITE_RECURSION = YES;
				CLANG_WARN_INT_CONVERSION = YES;
				CLANG_WARN_NON_LITERAL_NULL_CONVERSION = YES;
				CLANG_WARN_OBJC_IMPLICIT_RETAIN_SELF = YES;
				CLANG_WARN_OBJC_LITERAL_CONVERSION = YES;
				CLANG_WARN_OBJC_ROOT_CLASS = YES_ERROR;
				CLANG_WARN_RANGE_LOOP_ANALYSIS = YES;
				CLANG_WARN_STRICT_PROTOTYPES = YES;
				CLANG_WARN_SUSPICIOUS_MOVE = YES;
				CLANG_WARN_UNREACHABLE_CODE = YES;
				CLANG_WARN__DUPLICATE_METHOD_MATCH = YES;
				"CODE_SIGN_IDENTITY[sdk=iphoneos*]" = "iPhone Developer";
				COPY_PHASE_STRIP = NO;
				CURRENT_PROJECT_VERSION = 1;
				DEBUG_INFORMATION_FORMAT = dwarf;
				ENABLE_STRICT_OBJC_MSGSEND = YES;
				ENABLE_TESTABILITY = YES;
				GCC_C_LANGUAGE_STANDARD = gnu99;
				GCC_DYNAMIC_NO_PIC = NO;
				GCC_NO_COMMON_BLOCKS = YES;
				GCC_OPTIMIZATION_LEVEL = 0;
				GCC_PREPROCESSOR_DEFINITIONS = (
					"DEBUG=1",
					"$(inherited)",
				);
				GCC_WARN_64_TO_32_BIT_CONVERSION = YES;
				GCC_WARN_ABOUT_RETURN_TYPE = YES_ERROR;
				GCC_WARN_UNDECLARED_SELECTOR = YES;
				GCC_WARN_UNINITIALIZED_AUTOS = YES_AGGRESSIVE;
				GCC_WARN_UNUSED_FUNCTION = YES;
				GCC_WARN_UNUSED_VARIABLE = YES;
				IPHONEOS_DEPLOYMENT_TARGET = 8.0;
				MTL_ENABLE_DEBUG_INFO = YES;
				ONLY_ACTIVE_ARCH = YES;
				SDKROOT = iphoneos;
				SWIFT_OPTIMIZATION_LEVEL = "-Onone";
				SWIFT_VERSION = 3.0;
				TARGETED_DEVICE_FAMILY = "1,2";
				VERSIONING_SYSTEM = "apple-generic";
				VERSION_INFO_PREFIX = "";
			};
			name = Debug;
		};
		C32BB7331BE0504D0069EC50 /* Release */ = {
			isa = XCBuildConfiguration;
			buildSettings = {
				ALWAYS_SEARCH_USER_PATHS = NO;
				CLANG_CXX_LANGUAGE_STANDARD = "gnu++0x";
				CLANG_CXX_LIBRARY = "libc++";
				CLANG_ENABLE_MODULES = YES;
				CLANG_ENABLE_OBJC_ARC = YES;
				CLANG_WARN_BLOCK_CAPTURE_AUTORELEASING = YES;
				CLANG_WARN_BOOL_CONVERSION = YES;
				CLANG_WARN_COMMA = YES;
				CLANG_WARN_CONSTANT_CONVERSION = YES;
				CLANG_WARN_DEPRECATED_OBJC_IMPLEMENTATIONS = YES;
				CLANG_WARN_DIRECT_OBJC_ISA_USAGE = YES_ERROR;
				CLANG_WARN_EMPTY_BODY = YES;
				CLANG_WARN_ENUM_CONVERSION = YES;
				CLANG_WARN_INFINITE_RECURSION = YES;
				CLANG_WARN_INT_CONVERSION = YES;
				CLANG_WARN_NON_LITERAL_NULL_CONVERSION = YES;
				CLANG_WARN_OBJC_IMPLICIT_RETAIN_SELF = YES;
				CLANG_WARN_OBJC_LITERAL_CONVERSION = YES;
				CLANG_WARN_OBJC_ROOT_CLASS = YES_ERROR;
				CLANG_WARN_RANGE_LOOP_ANALYSIS = YES;
				CLANG_WARN_STRICT_PROTOTYPES = YES;
				CLANG_WARN_SUSPICIOUS_MOVE = YES;
				CLANG_WARN_UNREACHABLE_CODE = YES;
				CLANG_WARN__DUPLICATE_METHOD_MATCH = YES;
				"CODE_SIGN_IDENTITY[sdk=iphoneos*]" = "iPhone Developer";
				COPY_PHASE_STRIP = NO;
				CURRENT_PROJECT_VERSION = 1;
				DEBUG_INFORMATION_FORMAT = "dwarf-with-dsym";
				ENABLE_NS_ASSERTIONS = NO;
				ENABLE_STRICT_OBJC_MSGSEND = YES;
				GCC_C_LANGUAGE_STANDARD = gnu99;
				GCC_NO_COMMON_BLOCKS = YES;
				GCC_WARN_64_TO_32_BIT_CONVERSION = YES;
				GCC_WARN_ABOUT_RETURN_TYPE = YES_ERROR;
				GCC_WARN_UNDECLARED_SELECTOR = YES;
				GCC_WARN_UNINITIALIZED_AUTOS = YES_AGGRESSIVE;
				GCC_WARN_UNUSED_FUNCTION = YES;
				GCC_WARN_UNUSED_VARIABLE = YES;
				IPHONEOS_DEPLOYMENT_TARGET = 8.0;
				MTL_ENABLE_DEBUG_INFO = NO;
				SDKROOT = iphoneos;
				SWIFT_OPTIMIZATION_LEVEL = "-Owholemodule";
				SWIFT_VERSION = 3.0;
				TARGETED_DEVICE_FAMILY = "1,2";
				VALIDATE_PRODUCT = YES;
				VERSIONING_SYSTEM = "apple-generic";
				VERSION_INFO_PREFIX = "";
			};
			name = Release;
		};
		C32BB7351BE0504D0069EC50 /* Debug */ = {
			isa = XCBuildConfiguration;
			buildSettings = {
				"CODE_SIGN_IDENTITY[sdk=iphoneos*]" = "";
				DEFINES_MODULE = YES;
				DYLIB_COMPATIBILITY_VERSION = 1;
				DYLIB_CURRENT_VERSION = 1;
				DYLIB_INSTALL_NAME_BASE = "@rpath";
				INFOPLIST_FILE = "$(SRCROOT)/Source/Info.plist";
				INSTALL_PATH = "$(LOCAL_LIBRARY_DIR)/Frameworks";
				IPHONEOS_DEPLOYMENT_TARGET = 9.0;
				LD_RUNPATH_SEARCH_PATHS = "$(inherited) @executable_path/Frameworks @loader_path/Frameworks";
				PRODUCT_BUNDLE_IDENTIFIER = com.badoo.Chatto;
				PRODUCT_NAME = "$(TARGET_NAME)";
				SKIP_INSTALL = YES;
				SWIFT_VERSION = 4.2;
			};
			name = Debug;
		};
		C32BB7361BE0504D0069EC50 /* Release */ = {
			isa = XCBuildConfiguration;
			buildSettings = {
				"CODE_SIGN_IDENTITY[sdk=iphoneos*]" = "";
				DEFINES_MODULE = YES;
				DYLIB_COMPATIBILITY_VERSION = 1;
				DYLIB_CURRENT_VERSION = 1;
				DYLIB_INSTALL_NAME_BASE = "@rpath";
				INFOPLIST_FILE = "$(SRCROOT)/Source/Info.plist";
				INSTALL_PATH = "$(LOCAL_LIBRARY_DIR)/Frameworks";
				IPHONEOS_DEPLOYMENT_TARGET = 9.0;
				LD_RUNPATH_SEARCH_PATHS = "$(inherited) @executable_path/Frameworks @loader_path/Frameworks";
				PRODUCT_BUNDLE_IDENTIFIER = com.badoo.Chatto;
				PRODUCT_NAME = "$(TARGET_NAME)";
				SKIP_INSTALL = YES;
				SWIFT_VERSION = 4.2;
			};
			name = Release;
		};
		C32BB7381BE0504D0069EC50 /* Debug */ = {
			isa = XCBuildConfiguration;
			buildSettings = {
				INFOPLIST_FILE = Tests/Info.plist;
				IPHONEOS_DEPLOYMENT_TARGET = 9.0;
				LD_RUNPATH_SEARCH_PATHS = "$(inherited) @executable_path/Frameworks @loader_path/Frameworks";
				PRODUCT_BUNDLE_IDENTIFIER = com.badoo.ChattoTests;
				PRODUCT_NAME = "$(TARGET_NAME)";
				SWIFT_SWIFT3_OBJC_INFERENCE = Default;
				SWIFT_VERSION = 4.0;
			};
			name = Debug;
		};
		C32BB7391BE0504D0069EC50 /* Release */ = {
			isa = XCBuildConfiguration;
			buildSettings = {
				INFOPLIST_FILE = Tests/Info.plist;
				IPHONEOS_DEPLOYMENT_TARGET = 9.0;
				LD_RUNPATH_SEARCH_PATHS = "$(inherited) @executable_path/Frameworks @loader_path/Frameworks";
				PRODUCT_BUNDLE_IDENTIFIER = com.badoo.ChattoTests;
				PRODUCT_NAME = "$(TARGET_NAME)";
				SWIFT_SWIFT3_OBJC_INFERENCE = Default;
				SWIFT_VERSION = 4.0;
			};
			name = Release;
		};
/* End XCBuildConfiguration section */

/* Begin XCConfigurationList section */
		C32BB71A1BE0504D0069EC50 /* Build configuration list for PBXProject "Chatto" */ = {
			isa = XCConfigurationList;
			buildConfigurations = (
				C32BB7321BE0504D0069EC50 /* Debug */,
				C32BB7331BE0504D0069EC50 /* Release */,
			);
			defaultConfigurationIsVisible = 0;
			defaultConfigurationName = Release;
		};
		C32BB7341BE0504D0069EC50 /* Build configuration list for PBXNativeTarget "Chatto" */ = {
			isa = XCConfigurationList;
			buildConfigurations = (
				C32BB7351BE0504D0069EC50 /* Debug */,
				C32BB7361BE0504D0069EC50 /* Release */,
			);
			defaultConfigurationIsVisible = 0;
			defaultConfigurationName = Release;
		};
		C32BB7371BE0504D0069EC50 /* Build configuration list for PBXNativeTarget "ChattoTests" */ = {
			isa = XCConfigurationList;
			buildConfigurations = (
				C32BB7381BE0504D0069EC50 /* Debug */,
				C32BB7391BE0504D0069EC50 /* Release */,
			);
			defaultConfigurationIsVisible = 0;
			defaultConfigurationName = Release;
		};
/* End XCConfigurationList section */
	};
	rootObject = C32BB7171BE0504D0069EC50 /* Project object */;
}
