{
  "object": {
    "pins": [
      {
        "package": "Chatto",
        "repositoryURL": "https://github.com/badoo/Chatto",
        "state": {
          "branch": "spm",
          "revision": "87ada711402ca4419caf90222c8218e97c844422",
          "version": null
        }
      }
    ]
  },
  "version": 1
}
