PODS:
  - Chatto (3.4.0)
  - ChattoAdditions (3.4.0):
    - Chatto

DEPENDENCIES:
  - Chatto (from `..`)
  - ChattoAdditions (from `..`)

EXTERNAL SOURCES:
  Chatto:
    :path: ".."
  ChattoAdditions:
    :path: ".."

SPEC CHECKSUMS:
  Chatto: a749f52d0ded9237267ad91e820990b249f565a1
  ChattoAdditions: 54df52d6976b5fd6cce3efa0d2793f451fdefb74

PODFILE CHECKSUM: 7e673449d94d383ef7c7669fdd0f282d4d0e7059

COCOAPODS: 1.7.0
