PODS:
  - Chatto (4.1.0)
  - ChattoAdditions (4.1.0):
    - Chatto (= 4.1.0)

DEPENDENCIES:
  - Chatto (from `..`)
  - ChattoAdditions (from `..`)

EXTERNAL SOURCES:
  Chatto:
    :path: ".."
  ChattoAdditions:
    :path: ".."

SPEC CHECKSUMS:
  Chatto: dae34c377e0eca8bdcfe7a05a4d79d55eaccec3e
  ChattoAdditions: 101f0ee674f16ecdf4177939b7ce9271ea732999

PODFILE CHECKSUM: 7e673449d94d383ef7c7669fdd0f282d4d0e7059

COCOAPODS: 1.10.1
