PODS:
  - VoodooLabChatto (10.0.0)
  - VoodooLabChattoAdditions (10.0.0):
    - VoodooLabChatto

DEPENDENCIES:
  - VoodooLabChatto (from `..`)
  - VoodooLabChattoAdditions (from `..`)

EXTERNAL SOURCES:
  VoodooLabChatto:
    :path: ".."
  VoodooLabChattoAdditions:
    :path: ".."

SPEC CHECKSUMS:
  VoodooLabChatto: 164e4ec8a4cf01199db7801d130ececc5eb3fcfb
  VoodooLabChattoAdditions: 2c763765a88638d404f987a893b4049f851e9b6a

PODFILE CHECKSUM: dcdb8012e65af5e8ba5c956b5d30f99761b23de3

COCOAPODS: 1.7.3
